
Microsoft Visual Studio Solution File, Format Version 12.00
Project("{FAE04EC0-301F-11D3-BF4B-00C04F79EFBC}") = "HTTPFloodX", "HTTPFloodX\HTTPFloodX.csproj", "{99802264-E990-4740-96CF-0C9B1E13E68A}"
EndProject
Global
	GlobalSection(SolutionConfigurationPlatforms) = preSolution
		Debug|Any CPU = Debug|Any CPU
		Release|Any CPU = Release|Any CPU
	EndGlobalSection
	GlobalSection(ProjectConfigurationPlatforms) = postSolution
		{99802264-E990-4740-96CF-0C9B1E13E68A}.Debug|Any CPU.ActiveCfg = Debug|Any CPU
		{99802264-E990-4740-96CF-0C9B1E13E68A}.Debug|Any CPU.Build.0 = Debug|Any CPU
		{99802264-E990-4740-96CF-0C9B1E13E68A}.Release|Any CPU.ActiveCfg = Release|Any CPU
		{99802264-E990-4740-96CF-0C9B1E13E68A}.Release|Any CPU.Build.0 = Release|Any CPU
	EndGlobalSection
EndGlobal
